// !$*UTF8*$!
{
	archiveVersion = 1;
	classes = {
	};
	objectVersion = 56;
	objects = {

/* Begin PBXBuildFile section */
		76206A9D2B30D8F400278E5F /* Genre.swift in Sources */ = {isa = PBXBuildFile; fileRef = 76206A9C2B30D8F400278E5F /* Genre.swift */; };
		76206A9F2B30DB9900278E5F /* GenreListView.swift in Sources */ = {isa = PBXBuildFile; fileRef = 76206A9E2B30DB9900278E5F /* GenreListView.swift */; };
		76206AA12B30DE9900278E5F /* AddNewGenre.swift in Sources */ = {isa = PBXBuildFile; fileRef = 76206AA02B30DE9900278E5F /* AddNewGenre.swift */; };
		76DF29182B2FA8B70005A7A3 /* SwiftDataFirstBloodApp.swift in Sources */ = {isa = PBXBuildFile; fileRef = 76DF29172B2FA8B70005A7A3 /* SwiftDataFirstBloodApp.swift */; };
		76DF291A2B2FA8B70005A7A3 /* ContentView.swift in Sources */ = {isa = PBXBuildFile; fileRef = 76DF29192B2FA8B70005A7A3 /* ContentView.swift */; };
		76DF291C2B2FA8B80005A7A3 /* Assets.xcassets in Resources */ = {isa = PBXBuildFile; fileRef = 76DF291B2B2FA8B80005A7A3 /* Assets.xcassets */; };
		76DF29202B2FA8B80005A7A3 /* Preview Assets.xcassets in Resources */ = {isa = PBXBuildFile; fileRef = 76DF291F2B2FA8B80005A7A3 /* Preview Assets.xcassets */; };
		76DF29282B2FA8E30005A7A3 /* Book.swift in Sources */ = {isa = PBXBuildFile; fileRef = 76DF29272B2FA8E30005A7A3 /* Book.swift */; };
		76DF292A2B2FAA570005A7A3 /* AddNewBookView.swift in Sources */ = {isa = PBXBuildFile; fileRef = 76DF29292B2FAA570005A7A3 /* AddNewBookView.swift */; };
		76EE1C1D2B31795C000320CF /* GenreSelectionView.swift in Sources */ = {isa = PBXBuildFile; fileRef = 76EE1C1C2B31795C000320CF /* GenreSelectionView.swift */; };
		76EE1C1F2B319CE6000320CF /* GenreDetailView.swift in Sources */ = {isa = PBXBuildFile; fileRef = 76EE1C1E2B319CE6000320CF /* GenreDetailView.swift */; };
		76F0CD4F2B302F5300E2C47C /* BookListView.swift in Sources */ = {isa = PBXBuildFile; fileRef = 76F0CD4E2B302F5300E2C47C /* BookListView.swift */; };
		76F0CD512B30361700E2C47C /* BookCellView.swift in Sources */ = {isa = PBXBuildFile; fileRef = 76F0CD502B30361700E2C47C /* BookCellView.swift */; };
		76F0CD532B3041E100E2C47C /* BookDetailView.swift in Sources */ = {isa = PBXBuildFile; fileRef = 76F0CD522B3041E100E2C47C /* BookDetailView.swift */; };
		76F0CD562B304F2200E2C47C /* Preview.swift in Sources */ = {isa = PBXBuildFile; fileRef = 76F0CD552B304F2200E2C47C /* Preview.swift */; };
		76F0CD5C2B3057B800E2C47C /* Note.swift in Sources */ = {isa = PBXBuildFile; fileRef = 76F0CD5B2B3057B800E2C47C /* Note.swift */; };
		76F0CD5E2B3057E900E2C47C /* AddNewNote.swift in Sources */ = {isa = PBXBuildFile; fileRef = 76F0CD5D2B3057E900E2C47C /* AddNewNote.swift */; };
		76F0CD602B30591B00E2C47C /* NotesListView.swift in Sources */ = {isa = PBXBuildFile; fileRef = 76F0CD5F2B30591B00E2C47C /* NotesListView.swift */; };
/* End PBXBuildFile section */

/* Begin PBXFileReference section */
		76206A9C2B30D8F400278E5F /* Genre.swift */ = {isa = PBXFileReference; lastKnownFileType = sourcecode.swift; path = Genre.swift; sourceTree = "<group>"; };
		76206A9E2B30DB9900278E5F /* GenreListView.swift */ = {isa = PBXFileReference; lastKnownFileType = sourcecode.swift; path = GenreListView.swift; sourceTree = "<group>"; };
		76206AA02B30DE9900278E5F /* AddNewGenre.swift */ = {isa = PBXFileReference; lastKnownFileType = sourcecode.swift; path = AddNewGenre.swift; sourceTree = "<group>"; };
		76DF29142B2FA8B70005A7A3 /* SwiftDataFirstBlood.app */ = {isa = PBXFileReference; explicitFileType = wrapper.application; includeInIndex = 0; path = SwiftDataFirstBlood.app; sourceTree = BUILT_PRODUCTS_DIR; };
		76DF29172B2FA8B70005A7A3 /* SwiftDataFirstBloodApp.swift */ = {isa = PBXFileReference; lastKnownFileType = sourcecode.swift; path = SwiftDataFirstBloodApp.swift; sourceTree = "<group>"; };
		76DF29192B2FA8B70005A7A3 /* ContentView.swift */ = {isa = PBXFileReference; lastKnownFileType = sourcecode.swift; path = ContentView.swift; sourceTree = "<group>"; };
		76DF291B2B2FA8B80005A7A3 /* Assets.xcassets */ = {isa = PBXFileReference; lastKnownFileType = folder.assetcatalog; path = Assets.xcassets; sourceTree = "<group>"; };
		76DF291D2B2FA8B80005A7A3 /* SwiftDataFirstBlood.entitlements */ = {isa = PBXFileReference; lastKnownFileType = text.plist.entitlements; path = SwiftDataFirstBlood.entitlements; sourceTree = "<group>"; };
		76DF291F2B2FA8B80005A7A3 /* Preview Assets.xcassets */ = {isa = PBXFileReference; lastKnownFileType = folder.assetcatalog; path = "Preview Assets.xcassets"; sourceTree = "<group>"; };
		76DF29272B2FA8E30005A7A3 /* Book.swift */ = {isa = PBXFileReference; lastKnownFileType = sourcecode.swift; path = Book.swift; sourceTree = "<group>"; };
		76DF29292B2FAA570005A7A3 /* AddNewBookView.swift */ = {isa = PBXFileReference; lastKnownFileType = sourcecode.swift; path = AddNewBookView.swift; sourceTree = "<group>"; };
		76EE1C1C2B31795C000320CF /* GenreSelectionView.swift */ = {isa = PBXFileReference; lastKnownFileType = sourcecode.swift; path = GenreSelectionView.swift; sourceTree = "<group>"; };
		76EE1C1E2B319CE6000320CF /* GenreDetailView.swift */ = {isa = PBXFileReference; lastKnownFileType = sourcecode.swift; path = GenreDetailView.swift; sourceTree = "<group>"; };
		76F0CD4E2B302F5300E2C47C /* BookListView.swift */ = {isa = PBXFileReference; lastKnownFileType = sourcecode.swift; path = BookListView.swift; sourceTree = "<group>"; };
		76F0CD502B30361700E2C47C /* BookCellView.swift */ = {isa = PBXFileReference; lastKnownFileType = sourcecode.swift; path = BookCellView.swift; sourceTree = "<group>"; };
		76F0CD522B3041E100E2C47C /* BookDetailView.swift */ = {isa = PBXFileReference; lastKnownFileType = sourcecode.swift; path = BookDetailView.swift; sourceTree = "<group>"; };
		76F0CD552B304F2200E2C47C /* Preview.swift */ = {isa = PBXFileReference; lastKnownFileType = sourcecode.swift; path = Preview.swift; sourceTree = "<group>"; };
		76F0CD5B2B3057B800E2C47C /* Note.swift */ = {isa = PBXFileReference; lastKnownFileType = sourcecode.swift; path = Note.swift; sourceTree = "<group>"; };
		76F0CD5D2B3057E900E2C47C /* AddNewNote.swift */ = {isa = PBXFileReference; lastKnownFileType = sourcecode.swift; path = AddNewNote.swift; sourceTree = "<group>"; };
		76F0CD5F2B30591B00E2C47C /* NotesListView.swift */ = {isa = PBXFileReference; lastKnownFileType = sourcecode.swift; path = NotesListView.swift; sourceTree = "<group>"; };
/* End PBXFileReference section */

/* Begin PBXFrameworksBuildPhase section */
		76DF29112B2FA8B70005A7A3 /* Frameworks */ = {
			isa = PBXFrameworksBuildPhase;
			buildActionMask = 2147483647;
			files = (
			);
			runOnlyForDeploymentPostprocessing = 0;
		};
/* End PBXFrameworksBuildPhase section */

/* Begin PBXGroup section */
		76DF290B2B2FA8B70005A7A3 = {
			isa = PBXGroup;
			children = (
				76DF29162B2FA8B70005A7A3 /* SwiftDataFirstBlood */,
				76DF29152B2FA8B70005A7A3 /* Products */,
			);
			sourceTree = "<group>";
		};
		76DF29152B2FA8B70005A7A3 /* Products */ = {
			isa = PBXGroup;
			children = (
				76DF29142B2FA8B70005A7A3 /* SwiftDataFirstBlood.app */,
			);
			name = Products;
			sourceTree = "<group>";
		};
		76DF29162B2FA8B70005A7A3 /* SwiftDataFirstBlood */ = {
			isa = PBXGroup;
			children = (
				76F0CD542B304F1500E2C47C /* Preview */,
				76DF29262B2FA8D10005A7A3 /* Model */,
				76DF29172B2FA8B70005A7A3 /* SwiftDataFirstBloodApp.swift */,
				76EE1C1C2B31795C000320CF /* GenreSelectionView.swift */,
				76F0CD5D2B3057E900E2C47C /* AddNewNote.swift */,
				76F0CD5F2B30591B00E2C47C /* NotesListView.swift */,
				76DF29292B2FAA570005A7A3 /* AddNewBookView.swift */,
				76F0CD4E2B302F5300E2C47C /* BookListView.swift */,
				76F0CD522B3041E100E2C47C /* BookDetailView.swift */,
				76F0CD502B30361700E2C47C /* BookCellView.swift */,
				76206A9E2B30DB9900278E5F /* GenreListView.swift */,
				76EE1C1E2B319CE6000320CF /* GenreDetailView.swift */,
				76206AA02B30DE9900278E5F /* AddNewGenre.swift */,
				76DF29192B2FA8B70005A7A3 /* ContentView.swift */,
				76DF291B2B2FA8B80005A7A3 /* Assets.xcassets */,
				76DF291D2B2FA8B80005A7A3 /* SwiftDataFirstBlood.entitlements */,
				76DF291E2B2FA8B80005A7A3 /* Preview Content */,
			);
			path = SwiftDataFirstBlood;
			sourceTree = "<group>";
		};
		76DF291E2B2FA8B80005A7A3 /* Preview Content */ = {
			isa = PBXGroup;
			children = (
				76DF291F2B2FA8B80005A7A3 /* Preview Assets.xcassets */,
			);
			path = "Preview Content";
			sourceTree = "<group>";
		};
		76DF29262B2FA8D10005A7A3 /* Model */ = {
			isa = PBXGroup;
			children = (
				76DF29272B2FA8E30005A7A3 /* Book.swift */,
				76F0CD5B2B3057B800E2C47C /* Note.swift */,
				76206A9C2B30D8F400278E5F /* Genre.swift */,
			);
			path = Model;
			sourceTree = "<group>";
		};
		76F0CD542B304F1500E2C47C /* Preview */ = {
			isa = PBXGroup;
			children = (
				76F0CD552B304F2200E2C47C /* Preview.swift */,
			);
			path = Preview;
			sourceTree = "<group>";
		};
/* End PBXGroup section */

/* Begin PBXNativeTarget section */
		76DF29132B2FA8B70005A7A3 /* SwiftDataFirstBlood */ = {
			isa = PBXNativeTarget;
			buildConfigurationList = 76DF29232B2FA8B80005A7A3 /* Build configuration list for PBXNativeTarget "SwiftDataFirstBlood" */;
			buildPhases = (
				76DF29102B2FA8B70005A7A3 /* Sources */,
				76DF29112B2FA8B70005A7A3 /* Frameworks */,
				76DF29122B2FA8B70005A7A3 /* Resources */,
			);
			buildRules = (
			);
			dependencies = (
			);
			name = SwiftDataFirstBlood;
			productName = SwiftDataFirstBlood;
			productReference = 76DF29142B2FA8B70005A7A3 /* SwiftDataFirstBlood.app */;
			productType = "com.apple.product-type.application";
		};
/* End PBXNativeTarget section */

/* Begin PBXProject section */
		76DF290C2B2FA8B70005A7A3 /* Project object */ = {
			isa = PBXProject;
			attributes = {
				BuildIndependentTargetsInParallel = 1;
				LastSwiftUpdateCheck = 1510;
				LastUpgradeCheck = 1510;
				TargetAttributes = {
					76DF29132B2FA8B70005A7A3 = {
						CreatedOnToolsVersion = 15.1;
					};
				};
			};
			buildConfigurationList = 76DF290F2B2FA8B70005A7A3 /* Build configuration list for PBXProject "SwiftDataFirstBlood" */;
			compatibilityVersion = "Xcode 14.0";
			developmentRegion = en;
			hasScannedForEncodings = 0;
			knownRegions = (
				en,
				Base,
			);
			mainGroup = 76DF290B2B2FA8B70005A7A3;
			productRefGroup = 76DF29152B2FA8B70005A7A3 /* Products */;
			projectDirPath = "";
			projectRoot = "";
			targets = (
				76DF29132B2FA8B70005A7A3 /* SwiftDataFirstBlood */,
			);
		};
/* End PBXProject section */

/* Begin PBXResourcesBuildPhase section */
		76DF29122B2FA8B70005A7A3 /* Resources */ = {
			isa = PBXResourcesBuildPhase;
			buildActionMask = 2147483647;
			files = (
				76DF29202B2FA8B80005A7A3 /* Preview Assets.xcassets in Resources */,
				76DF291C2B2FA8B80005A7A3 /* Assets.xcassets in Resources */,
			);
			runOnlyForDeploymentPostprocessing = 0;
		};
/* End PBXResourcesBuildPhase section */

/* Begin PBXSourcesBuildPhase section */
		76DF29102B2FA8B70005A7A3 /* Sources */ = {
			isa = PBXSourcesBuildPhase;
			buildActionMask = 2147483647;
			files = (
				76DF292A2B2FAA570005A7A3 /* AddNewBookView.swift in Sources */,
				76F0CD512B30361700E2C47C /* BookCellView.swift in Sources */,
				76206AA12B30DE9900278E5F /* AddNewGenre.swift in Sources */,
				76F0CD5E2B3057E900E2C47C /* AddNewNote.swift in Sources */,
				76206A9D2B30D8F400278E5F /* Genre.swift in Sources */,
				76F0CD562B304F2200E2C47C /* Preview.swift in Sources */,
				76DF291A2B2FA8B70005A7A3 /* ContentView.swift in Sources */,
				76F0CD4F2B302F5300E2C47C /* BookListView.swift in Sources */,
				76F0CD5C2B3057B800E2C47C /* Note.swift in Sources */,
				76F0CD602B30591B00E2C47C /* NotesListView.swift in Sources */,
				76206A9F2B30DB9900278E5F /* GenreListView.swift in Sources */,
				76DF29182B2FA8B70005A7A3 /* SwiftDataFirstBloodApp.swift in Sources */,
				76DF29282B2FA8E30005A7A3 /* Book.swift in Sources */,
				76F0CD532B3041E100E2C47C /* BookDetailView.swift in Sources */,
				76EE1C1D2B31795C000320CF /* GenreSelectionView.swift in Sources */,
				76EE1C1F2B319CE6000320CF /* GenreDetailView.swift in Sources */,
			);
			runOnlyForDeploymentPostprocessing = 0;
		};
/* End PBXSourcesBuildPhase section */

/* Begin XCBuildConfiguration section */
		76DF29212B2FA8B80005A7A3 /* Debug */ = {
			isa = XCBuildConfiguration;
			buildSettings = {
				ALWAYS_SEARCH_USER_PATHS = NO;
				ASSETCATALOG_COMPILER_GENERATE_SWIFT_ASSET_SYMBOL_EXTENSIONS = YES;
				CLANG_ANALYZER_NONNULL = YES;
				CLANG_ANALYZER_NUMBER_OBJECT_CONVERSION = YES_AGGRESSIVE;
				CLANG_CXX_LANGUAGE_STANDARD = "gnu++20";
				CLANG_ENABLE_MODULES = YES;
				CLANG_ENABLE_OBJC_ARC = YES;
				CLANG_ENABLE_OBJC_WEAK = YES;
				CLANG_WARN_BLOCK_CAPTURE_AUTORELEASING = YES;
				CLANG_WARN_BOOL_CONVERSION = YES;
				CLANG_WARN_COMMA = YES;
				CLANG_WARN_CONSTANT_CONVERSION = YES;
				CLANG_WARN_DEPRECATED_OBJC_IMPLEMENTATIONS = YES;
				CLANG_WARN_DIRECT_OBJC_ISA_USAGE = YES_ERROR;
				CLANG_WARN_DOCUMENTATION_COMMENTS = YES;
				CLANG_WARN_EMPTY_BODY = YES;
				CLANG_WARN_ENUM_CONVERSION = YES;
				CLANG_WARN_INFINITE_RECURSION = YES;
				CLANG_WARN_INT_CONVERSION = YES;
				CLANG_WARN_NON_LITERAL_NULL_CONVERSION = YES;
				CLANG_WARN_OBJC_IMPLICIT_RETAIN_SELF = YES;
				CLANG_WARN_OBJC_LITERAL_CONVERSION = YES;
				CLANG_WARN_OBJC_ROOT_CLASS = YES_ERROR;
				CLANG_WARN_QUOTED_INCLUDE_IN_FRAMEWORK_HEADER = YES;
				CLANG_WARN_RANGE_LOOP_ANALYSIS = YES;
				CLANG_WARN_STRICT_PROTOTYPES = YES;
				CLANG_WARN_SUSPICIOUS_MOVE = YES;
				CLANG_WARN_UNGUARDED_AVAILABILITY = YES_AGGRESSIVE;
				CLANG_WARN_UNREACHABLE_CODE = YES;
				CLANG_WARN__DUPLICATE_METHOD_MATCH = YES;
				COPY_PHASE_STRIP = NO;
				DEBUG_INFORMATION_FORMAT = dwarf;
				ENABLE_STRICT_OBJC_MSGSEND = YES;
				ENABLE_TESTABILITY = YES;
				ENABLE_USER_SCRIPT_SANDBOXING = YES;
				GCC_C_LANGUAGE_STANDARD = gnu17;
				GCC_DYNAMIC_NO_PIC = NO;
				GCC_NO_COMMON_BLOCKS = YES;
				GCC_OPTIMIZATION_LEVEL = 0;
				GCC_PREPROCESSOR_DEFINITIONS = (
					"DEBUG=1",
					"$(inherited)",
				);
				GCC_WARN_64_TO_32_BIT_CONVERSION = YES;
				GCC_WARN_ABOUT_RETURN_TYPE = YES_ERROR;
				GCC_WARN_UNDECLARED_SELECTOR = YES;
				GCC_WARN_UNINITIALIZED_AUTOS = YES_AGGRESSIVE;
				GCC_WARN_UNUSED_FUNCTION = YES;
				GCC_WARN_UNUSED_VARIABLE = YES;
				LOCALIZATION_PREFERS_STRING_CATALOGS = YES;
				MTL_ENABLE_DEBUG_INFO = INCLUDE_SOURCE;
				MTL_FAST_MATH = YES;
				ONLY_ACTIVE_ARCH = YES;
				SWIFT_ACTIVE_COMPILATION_CONDITIONS = "DEBUG $(inherited)";
				SWIFT_OPTIMIZATION_LEVEL = "-Onone";
			};
			name = Debug;
		};
		76DF29222B2FA8B80005A7A3 /* Release */ = {
			isa = XCBuildConfiguration;
			buildSettings = {
				ALWAYS_SEARCH_USER_PATHS = NO;
				ASSETCATALOG_COMPILER_GENERATE_SWIFT_ASSET_SYMBOL_EXTENSIONS = YES;
				CLANG_ANALYZER_NONNULL = YES;
				CLANG_ANALYZER_NUMBER_OBJECT_CONVERSION = YES_AGGRESSIVE;
				CLANG_CXX_LANGUAGE_STANDARD = "gnu++20";
				CLANG_ENABLE_MODULES = YES;
				CLANG_ENABLE_OBJC_ARC = YES;
				CLANG_ENABLE_OBJC_WEAK = YES;
				CLANG_WARN_BLOCK_CAPTURE_AUTORELEASING = YES;
				CLANG_WARN_BOOL_CONVERSION = YES;
				CLANG_WARN_COMMA = YES;
				CLANG_WARN_CONSTANT_CONVERSION = YES;
				CLANG_WARN_DEPRECATED_OBJC_IMPLEMENTATIONS = YES;
				CLANG_WARN_DIRECT_OBJC_ISA_USAGE = YES_ERROR;
				CLANG_WARN_DOCUMENTATION_COMMENTS = YES;
				CLANG_WARN_EMPTY_BODY = YES;
				CLANG_WARN_ENUM_CONVERSION = YES;
				CLANG_WARN_INFINITE_RECURSION = YES;
				CLANG_WARN_INT_CONVERSION = YES;
				CLANG_WARN_NON_LITERAL_NULL_CONVERSION = YES;
				CLANG_WARN_OBJC_IMPLICIT_RETAIN_SELF = YES;
				CLANG_WARN_OBJC_LITERAL_CONVERSION = YES;
				CLANG_WARN_OBJC_ROOT_CLASS = YES_ERROR;
				CLANG_WARN_QUOTED_INCLUDE_IN_FRAMEWORK_HEADER = YES;
				CLANG_WARN_RANGE_LOOP_ANALYSIS = YES;
				CLANG_WARN_STRICT_PROTOTYPES = YES;
				CLANG_WARN_SUSPICIOUS_MOVE = YES;
				CLANG_WARN_UNGUARDED_AVAILABILITY = YES_AGGRESSIVE;
				CLANG_WARN_UNREACHABLE_CODE = YES;
				CLANG_WARN__DUPLICATE_METHOD_MATCH = YES;
				COPY_PHASE_STRIP = NO;
				DEBUG_INFORMATION_FORMAT = "dwarf-with-dsym";
				ENABLE_NS_ASSERTIONS = NO;
				ENABLE_STRICT_OBJC_MSGSEND = YES;
				ENABLE_USER_SCRIPT_SANDBOXING = YES;
				GCC_C_LANGUAGE_STANDARD = gnu17;
				GCC_NO_COMMON_BLOCKS = YES;
				GCC_WARN_64_TO_32_BIT_CONVERSION = YES;
				GCC_WARN_ABOUT_RETURN_TYPE = YES_ERROR;
				GCC_WARN_UNDECLARED_SELECTOR = YES;
				GCC_WARN_UNINITIALIZED_AUTOS = YES_AGGRESSIVE;
				GCC_WARN_UNUSED_FUNCTION = YES;
				GCC_WARN_UNUSED_VARIABLE = YES;
				LOCALIZATION_PREFERS_STRING_CATALOGS = YES;
				MTL_ENABLE_DEBUG_INFO = NO;
				MTL_FAST_MATH = YES;
				SWIFT_COMPILATION_MODE = wholemodule;
			};
			name = Release;
		};
		76DF29242B2FA8B80005A7A3 /* Debug */ = {
			isa = XCBuildConfiguration;
			buildSettings = {
				ASSETCATALOG_COMPILER_APPICON_NAME = AppIcon;
				ASSETCATALOG_COMPILER_GLOBAL_ACCENT_COLOR_NAME = AccentColor;
				CODE_SIGN_ENTITLEMENTS = SwiftDataFirstBlood/SwiftDataFirstBlood.entitlements;
				CODE_SIGN_STYLE = Automatic;
				CURRENT_PROJECT_VERSION = 1;
				DEVELOPMENT_ASSET_PATHS = "\"SwiftDataFirstBlood/Preview Content\"";
				DEVELOPMENT_TEAM = PFVCA649R3;
				ENABLE_HARDENED_RUNTIME = YES;
				ENABLE_PREVIEWS = YES;
				GENERATE_INFOPLIST_FILE = YES;
				"INFOPLIST_KEY_UIApplicationSceneManifest_Generation[sdk=iphoneos*]" = YES;
				"INFOPLIST_KEY_UIApplicationSceneManifest_Generation[sdk=iphonesimulator*]" = YES;
				"INFOPLIST_KEY_UIApplicationSupportsIndirectInputEvents[sdk=iphoneos*]" = YES;
				"INFOPLIST_KEY_UIApplicationSupportsIndirectInputEvents[sdk=iphonesimulator*]" = YES;
				"INFOPLIST_KEY_UILaunchScreen_Generation[sdk=iphoneos*]" = YES;
				"INFOPLIST_KEY_UILaunchScreen_Generation[sdk=iphonesimulator*]" = YES;
				"INFOPLIST_KEY_UIStatusBarStyle[sdk=iphoneos*]" = UIStatusBarStyleDefault;
				"INFOPLIST_KEY_UIStatusBarStyle[sdk=iphonesimulator*]" = UIStatusBarStyleDefault;
				INFOPLIST_KEY_UISupportedInterfaceOrientations_iPad = "UIInterfaceOrientationPortrait UIInterfaceOrientationPortraitUpsideDown UIInterfaceOrientationLandscapeLeft UIInterfaceOrientationLandscapeRight";
				INFOPLIST_KEY_UISupportedInterfaceOrientations_iPhone = "UIInterfaceOrientationPortrait UIInterfaceOrientationLandscapeLeft UIInterfaceOrientationLandscapeRight";
				IPHONEOS_DEPLOYMENT_TARGET = 17.2;
				LD_RUNPATH_SEARCH_PATHS = "@executable_path/Frameworks";
				"LD_RUNPATH_SEARCH_PATHS[sdk=macosx*]" = "@executable_path/../Frameworks";
				MACOSX_DEPLOYMENT_TARGET = 14.2;
				MARKETING_VERSION = 1.0;
				PRODUCT_BUNDLE_IDENTIFIER = com.kashiash.SwiftDataFirstBlood;
				PRODUCT_NAME = "$(TARGET_NAME)";
				SDKROOT = auto;
				SUPPORTED_PLATFORMS = "iphoneos iphonesimulator macosx";
				SWIFT_EMIT_LOC_STRINGS = YES;
				SWIFT_VERSION = 5.0;
				TARGETED_DEVICE_FAMILY = "1,2";
			};
			name = Debug;
		};
		76DF29252B2FA8B80005A7A3 /* Release */ = {
			isa = XCBuildConfiguration;
			buildSettings = {
				ASSETCATALOG_COMPILER_APPICON_NAME = AppIcon;
				ASSETCATALOG_COMPILER_GLOBAL_ACCENT_COLOR_NAME = AccentColor;
				CODE_SIGN_ENTITLEMENTS = SwiftDataFirstBlood/SwiftDataFirstBlood.entitlements;
				CODE_SIGN_STYLE = Automatic;
				CURRENT_PROJECT_VERSION = 1;
				DEVELOPMENT_ASSET_PATHS = "\"SwiftDataFirstBlood/Preview Content\"";
				DEVELOPMENT_TEAM = PFVCA649R3;
				ENABLE_HARDENED_RUNTIME = YES;
				ENABLE_PREVIEWS = YES;
				GENERATE_INFOPLIST_FILE = YES;
				"INFOPLIST_KEY_UIApplicationSceneManifest_Generation[sdk=iphoneos*]" = YES;
				"INFOPLIST_KEY_UIApplicationSceneManifest_Generation[sdk=iphonesimulator*]" = YES;
				"INFOPLIST_KEY_UIApplicationSupportsIndirectInputEvents[sdk=iphoneos*]" = YES;
				"INFOPLIST_KEY_UIApplicationSupportsIndirectInputEvents[sdk=iphonesimulator*]" = YES;
				"INFOPLIST_KEY_UILaunchScreen_Generation[sdk=iphoneos*]" = YES;
				"INFOPLIST_KEY_UILaunchScreen_Generation[sdk=iphonesimulator*]" = YES;
				"INFOPLIST_KEY_UIStatusBarStyle[sdk=iphoneos*]" = UIStatusBarStyleDefault;
				"INFOPLIST_KEY_UIStatusBarStyle[sdk=iphonesimulator*]" = UIStatusBarStyleDefault;
				INFOPLIST_KEY_UISupportedInterfaceOrientations_iPad = "UIInterfaceOrientationPortrait UIInterfaceOrientationPortraitUpsideDown UIInterfaceOrientationLandscapeLeft UIInterfaceOrientationLandscapeRight";
				INFOPLIST_KEY_UISupportedInterfaceOrientations_iPhone = "UIInterfaceOrientationPortrait UIInterfaceOrientationLandscapeLeft UIInterfaceOrientationLandscapeRight";
				IPHONEOS_DEPLOYMENT_TARGET = 17.2;
				LD_RUNPATH_SEARCH_PATHS = "@executable_path/Frameworks";
				"LD_RUNPATH_SEARCH_PATHS[sdk=macosx*]" = "@executable_path/../Frameworks";
				MACOSX_DEPLOYMENT_TARGET = 14.2;
				MARKETING_VERSION = 1.0;
				PRODUCT_BUNDLE_IDENTIFIER = com.kashiash.SwiftDataFirstBlood;
				PRODUCT_NAME = "$(TARGET_NAME)";
				SDKROOT = auto;
				SUPPORTED_PLATFORMS = "iphoneos iphonesimulator macosx";
				SWIFT_EMIT_LOC_STRINGS = YES;
				SWIFT_VERSION = 5.0;
				TARGETED_DEVICE_FAMILY = "1,2";
			};
			name = Release;
		};
/* End XCBuildConfiguration section */

/* Begin XCConfigurationList section */
		76DF290F2B2FA8B70005A7A3 /* Build configuration list for PBXProject "SwiftDataFirstBlood" */ = {
			isa = XCConfigurationList;
			buildConfigurations = (
				76DF29212B2FA8B80005A7A3 /* Debug */,
				76DF29222B2FA8B80005A7A3 /* Release */,
			);
			defaultConfigurationIsVisible = 0;
			defaultConfigurationName = Release;
		};
		76DF29232B2FA8B80005A7A3 /* Build configuration list for PBXNativeTarget "SwiftDataFirstBlood" */ = {
			isa = XCConfigurationList;
			buildConfigurations = (
				76DF29242B2FA8B80005A7A3 /* Debug */,
				76DF29252B2FA8B80005A7A3 /* Release */,
			);
			defaultConfigurationIsVisible = 0;
			defaultConfigurationName = Release;
		};
/* End XCConfigurationList section */
	};
	rootObject = 76DF290C2B2FA8B70005A7A3 /* Project object */;
}
